
Microsoft Visual Studio Solution File, Format Version 12.00
# Visual Studio Version 16
VisualStudioVersion = 16.0.31829.152
MinimumVisualStudioVersion = 10.0.40219.1
Project("{FAE04EC0-301F-11D3-BF4B-00C04F79EFBC}") = "RiddledWithBugs", "RiddledWithBugs\RiddledWithBugs.csproj", "{15C9DF99-F194-4DC2-BEBD-6545AD2B8346}"
EndProject
Global
	GlobalSection(SolutionConfigurationPlatforms) = preSolution
		Debug|Any CPU = Debug|Any CPU
		Release|Any CPU = Release|Any CPU
	EndGlobalSection
	GlobalSection(ProjectConfigurationPlatforms) = postSolution
		{15C9DF99-F194-4DC2-BEBD-6545AD2B8346}.Debug|Any CPU.ActiveCfg = Debug|Any CPU
		{15C9DF99-F194-4DC2-BEBD-6545AD2B8346}.Debug|Any CPU.Build.0 = Debug|Any CPU
		{15C9DF99-F194-4DC2-BEBD-6545AD2B8346}.Release|Any CPU.ActiveCfg = Release|Any CPU
		{15C9DF99-F194-4DC2-BEBD-6545AD2B8346}.Release|Any CPU.Build.0 = Release|Any CPU
	EndGlobalSection
	GlobalSection(SolutionProperties) = preSolution
		HideSolutionNode = FALSE
	EndGlobalSection
	GlobalSection(ExtensibilityGlobals) = postSolution
		SolutionGuid = {DD5B726C-EF44-4564-92B2-35E7B4A7565D}
	EndGlobalSection
EndGlobal
